<?xml version="1.0" encoding="utf-8"?>
<Project ToolsVersion="4.0" xmlns="http://schemas.microsoft.com/developer/msbuild/2003">
  <ItemGroup>
    <ClCompile Include="3Dtest.cpp">
      <Filter>Source File</Filter>
    </ClCompile>
    <ClCompile Include="Camera.cpp">
      <Filter>Source File</Filter>
    </ClCompile>
    <ClCompile Include="Chara.cpp">
      <Filter>Source File</Filter>
    </ClCompile>
    <ClCompile Include="Common.cpp">
      <Filter>Source File</Filter>
    </ClCompile>
    <ClCompile Include="debugPrintf.cpp">
      <Filter>Source File</Filter>
    </ClCompile>
    <ClCompile Include="Emitter.cpp">
      <Filter>Source File</Filter>
    </ClCompile>
    <ClCompile Include="Enemy.cpp">
      <Filter>Source File</Filter>
    </ClCompile>
    <ClCompile Include="font.cpp">
      <Filter>Source File</Filter>
    </ClCompile>
    <ClCompile Include="GameManage.cpp">
      <Filter>Source File</Filter>
    </ClCompile>
    <ClCompile Include="GameObject.cpp">
      <Filter>Source File</Filter>
    </ClCompile>
    <ClCompile Include="input.cpp">
      <Filter>Source File</Filter>
    </ClCompile>
    <ClCompile Include="Item.cpp">
      <Filter>Source File</Filter>
    </ClCompile>
    <ClCompile Include="ItemFactory.cpp">
      <Filter>Source File</Filter>
    </ClCompile>
    <ClCompile Include="Light.cpp">
      <Filter>Source File</Filter>
    </ClCompile>
    <ClCompile Include="main.cpp">
      <Filter>Source File</Filter>
    </ClCompile>
    <ClCompile Include="Model.cpp">
      <Filter>Source File</Filter>
    </ClCompile>
    <ClCompile Include="MapManage.cpp">
      <Filter>Source File</Filter>
    </ClCompile>
    <ClCompile Include="Physics.cpp">
      <Filter>Source File</Filter>
    </ClCompile>
    <ClCompile Include="Player.cpp">
      <Filter>Source File</Filter>
    </ClCompile>
    <ClCompile Include="Recipe.cpp">
      <Filter>Source File</Filter>
    </ClCompile>
    <ClCompile Include="SpecialArea.cpp">
      <Filter>Source File</Filter>
    </ClCompile>
    <ClCompile Include="sprite.cpp">
      <Filter>Source File</Filter>
    </ClCompile>
    <ClCompile Include="stdafx.cpp">
      <Filter>Source File</Filter>
    </ClCompile>
    <ClCompile Include="system_timer.cpp">
      <Filter>Source File</Filter>
    </ClCompile>
    <ClCompile Include="texture.cpp">
      <Filter>Source File</Filter>
    </ClCompile>
    <ClCompile Include="Workbench.cpp">
      <Filter>Source File</Filter>
    </ClCompile>
    <ClCompile Include="Vigilance.cpp">
      <Filter>Source File</Filter>
    </ClCompile>
  </ItemGroup>
  <ItemGroup>
    <ClInclude Include="3Dtest.h">
      <Filter>Header</Filter>
    </ClInclude>
    <ClInclude Include="Camera.h">
      <Filter>Header</Filter>
    </ClInclude>
    <ClInclude Include="Chara.h">
      <Filter>Header</Filter>
    </ClInclude>
    <ClInclude Include="Common.h">
      <Filter>Header</Filter>
    </ClInclude>
    <ClInclude Include="debugPrintf.h">
      <Filter>Header</Filter>
    </ClInclude>
    <ClInclude Include="Emitter.h">
      <Filter>Header</Filter>
    </ClInclude>
    <ClInclude Include="Enemy.h">
      <Filter>Header</Filter>
    </ClInclude>
    <ClInclude Include="font.h">
      <Filter>Header</Filter>
    </ClInclude>
    <ClInclude Include="GameManage.h">
      <Filter>Header</Filter>
    </ClInclude>
    <ClInclude Include="GameObject.h">
      <Filter>Header</Filter>
    </ClInclude>
    <ClInclude Include="input.h">
      <Filter>Header</Filter>
    </ClInclude>
    <ClInclude Include="Item.h">
      <Filter>Header</Filter>
    </ClInclude>
    <ClInclude Include="ItemFactory.h">
      <Filter>Header</Filter>
    </ClInclude>
    <ClInclude Include="Light.h">
      <Filter>Header</Filter>
    </ClInclude>
    <ClInclude Include="MapManage.h">
      <Filter>Header</Filter>
    </ClInclude>
    <ClInclude Include="Model.h">
      <Filter>Header</Filter>
    </ClInclude>
    <ClInclude Include="Physics.h">
      <Filter>Header</Filter>
    </ClInclude>
    <ClInclude Include="Player.h">
      <Filter>Header</Filter>
    </ClInclude>
    <ClInclude Include="Recipe.h">
      <Filter>Header</Filter>
    </ClInclude>
    <ClInclude Include="sprite.h">
      <Filter>Header</Filter>
    </ClInclude>
    <ClInclude Include="SpecialArea.h">
      <Filter>Header</Filter>
    </ClInclude>
    <ClInclude Include="Resource.h">
      <Filter>Header</Filter>
    </ClInclude>
    <ClInclude Include="stdafx.h">
      <Filter>Header</Filter>
    </ClInclude>
    <ClInclude Include="system_timer.h">
      <Filter>Header</Filter>
    </ClInclude>
    <ClInclude Include="targetver.h">
      <Filter>Header</Filter>
    </ClInclude>
    <ClInclude Include="texture.h">
      <Filter>Header</Filter>
    </ClInclude>
    <ClInclude Include="Vigilance.h">
      <Filter>Header</Filter>
    </ClInclude>
    <ClInclude Include="Workbench.h">
      <Filter>Header</Filter>
    </ClInclude>
  </ItemGroup>
  <ItemGroup>
    <ResourceCompile Include="3Dtest.rc" />
  </ItemGroup>
  <ItemGroup>
    <Image Include="3Dtest.ico" />
    <Image Include="small.ico" />
  </ItemGroup>
  <ItemGroup>
    <Text Include="ReadMe.txt" />
  </ItemGroup>
  <ItemGroup>
    <Filter Include="Header">
      <UniqueIdentifier>{3682a822-29f0-4785-a05b-5b5811e3b1a3}</UniqueIdentifier>
    </Filter>
    <Filter Include="Source File">
      <UniqueIdentifier>{3f7a6833-b237-4fd7-a59d-c6751a8c6c3d}</UniqueIdentifier>
    </Filter>
  </ItemGroup>
</Project>