<?xml version="1.0" encoding="utf-8"?>
<Project ToolsVersion="4.0" xmlns="http://schemas.microsoft.com/developer/msbuild/2003">
  <ItemGroup>
    <ClCompile Include="3Dtest.cpp" />
    <ClCompile Include="AllocateHierarchy.cpp" />
    <ClCompile Include="Camera.cpp" />
    <ClCompile Include="Chara.cpp" />
    <ClCompile Include="Common.cpp" />
    <ClCompile Include="debugPrintf.cpp" />
    <ClCompile Include="Emitter.cpp" />
    <ClCompile Include="factoryModel.cpp" />
    <ClCompile Include="font.cpp" />
    <ClCompile Include="GameManage.cpp" />
    <ClCompile Include="GameTutorial.cpp" />
    <ClCompile Include="Item.cpp" />
    <ClCompile Include="GameObject.cpp" />
    <ClCompile Include="input.cpp" />
    <ClCompile Include="ItemFactory.cpp" />
    <ClCompile Include="Light.cpp" />
    <ClCompile Include="main.cpp" />
    <ClCompile Include="MapManage.cpp" />
    <ClCompile Include="Model.cpp" />
    <ClCompile Include="Number.cpp" />
    <ClCompile Include="Particle2D.cpp" />
    <ClCompile Include="Physics.cpp" />
    <ClCompile Include="Player.cpp" />
    <ClCompile Include="Recipe.cpp" />
    <ClCompile Include="GameResult.cpp" />
    <ClCompile Include="SpecialArea.cpp" />
    <ClCompile Include="sprite.cpp" />
    <ClCompile Include="stdafx.cpp" />
    <ClCompile Include="system_timer.cpp" />
    <ClCompile Include="texture.cpp" />
    <ClCompile Include="GameTitle.cpp" />
    <ClCompile Include="Vigilance.cpp" />
    <ClCompile Include="Workbench.cpp" />
    <ClCompile Include="HandoutBox.cpp" />
    <ClCompile Include="gamepad.cpp" />
    <ClCompile Include="sound.cpp" />
  </ItemGroup>
  <ItemGroup>
    <ClInclude Include="3Dtest.h" />
    <ClInclude Include="AllocateHierarchy.h" />
    <ClInclude Include="Camera.h" />
    <ClInclude Include="Chara.h" />
    <ClInclude Include="Common.h" />
    <ClInclude Include="debugPrintf.h" />
    <ClInclude Include="Emitter.h" />
    <ClInclude Include="factoryModel.h" />
    <ClInclude Include="font.h" />
    <ClInclude Include="GameManage.h" />
    <ClInclude Include="GameTutorial.h" />
    <ClInclude Include="Item.h" />
    <ClInclude Include="GameObject.h" />
    <ClInclude Include="input.h" />
    <ClInclude Include="ItemFactory.h" />
    <ClInclude Include="Light.h" />
    <ClInclude Include="MapManage.h" />
    <ClInclude Include="Model.h" />
    <ClInclude Include="Number.h" />
    <ClInclude Include="Particle2D.h" />
    <ClInclude Include="Physics.h" />
    <ClInclude Include="Player.h" />
    <ClInclude Include="Recipe.h" />
    <ClInclude Include="Resource.h" />
    <ClInclude Include="GameResult.h" />
    <ClInclude Include="SpecialArea.h" />
    <ClInclude Include="sprite.h" />
    <ClInclude Include="stdafx.h" />
    <ClInclude Include="system_timer.h" />
    <ClInclude Include="targetver.h" />
    <ClInclude Include="texture.h" />
    <ClInclude Include="GameTitle.h" />
    <ClInclude Include="Vigilance.h" />
    <ClInclude Include="Workbench.h" />
    <ClInclude Include="HandoutBox.h" />
    <ClInclude Include="gamepad.h" />
    <ClInclude Include="sound.h" />
  </ItemGroup>
  <ItemGroup>
    <ResourceCompile Include="3Dtest.rc" />
  </ItemGroup>
  <ItemGroup>
    <Image Include="3Dtest.ico" />
    <Image Include="small.ico" />
  </ItemGroup>
  <ItemGroup>
    <Text Include="ReadMe.txt" />
  </ItemGroup>
</Project>